// !$*UTF8*$!
{
	archiveVersion = 1;
	classes = {
	};
	objectVersion = 46;
	objects = {

/* Begin PBXBuildFile section */
		840239EF1D4749F10078DF0D /* ViewController.swift in Sources */ = {isa = PBXBuildFile; fileRef = 840239EE1D4749F10078DF0D /* ViewController.swift */; };
		84023A181D474B350078DF0D /* Simulator.swift in Sources */ = {isa = PBXBuildFile; fileRef = 84023A171D474B350078DF0D /* Simulator.swift */; };
		8C65F593252CA6710039C395 /* HeaterController.swift in Sources */ = {isa = PBXBuildFile; fileRef = 8C65F58A252CA6710039C395 /* HeaterController.swift */; };
		8C65F594252CA6710039C395 /* TemperatureDataPoint.swift in Sources */ = {isa = PBXBuildFile; fileRef = 8C65F58C252CA6710039C395 /* TemperatureDataPoint.swift */; };
		8C65F595252CA6710039C395 /* PlotView.swift in Sources */ = {isa = PBXBuildFile; fileRef = 8C65F58D252CA6710039C395 /* PlotView.swift */; };
		8C65F596252CA6710039C395 /* Environment.swift in Sources */ = {isa = PBXBuildFile; fileRef = 8C65F58F252CA6710039C395 /* Environment.swift */; };
		8C65F597252CA6710039C395 /* WaterBody.swift in Sources */ = {isa = PBXBuildFile; fileRef = 8C65F590252CA6710039C395 /* WaterBody.swift */; };
		8C65F598252CA6710039C395 /* Heater.swift in Sources */ = {isa = PBXBuildFile; fileRef = 8C65F591252CA6710039C395 /* Heater.swift */; };
		8C65F599252CA6710039C395 /* Container.swift in Sources */ = {isa = PBXBuildFile; fileRef = 8C65F592252CA6710039C395 /* Container.swift */; };
		8C65F5A1252CA7580039C395 /* AppDelegate.swift in Sources */ = {isa = PBXBuildFile; fileRef = 8C65F5A0252CA7580039C395 /* AppDelegate.swift */; };
		8C65F5B0252CA9BC0039C395 /* Main.storyboard in Resources */ = {isa = PBXBuildFile; fileRef = 8C65F5AE252CA9BC0039C395 /* Main.storyboard */; };
		8C77EA851D4E164B0066C811 /* CustomTypes.swift in Sources */ = {isa = PBXBuildFile; fileRef = 8C77EA841D4E164B0066C811 /* CustomTypes.swift */; };
/* End PBXBuildFile section */

/* Begin PBXFileReference section */
		840239E91D4749F10078DF0D /* LavaBox.app */ = {isa = PBXFileReference; explicitFileType = wrapper.application; includeInIndex = 0; path = LavaBox.app; sourceTree = BUILT_PRODUCTS_DIR; };
		840239EE1D4749F10078DF0D /* ViewController.swift */ = {isa = PBXFileReference; lastKnownFileType = sourcecode.swift; path = ViewController.swift; sourceTree = "<group>"; };
		84023A171D474B350078DF0D /* Simulator.swift */ = {isa = PBXFileReference; fileEncoding = 4; lastKnownFileType = sourcecode.swift; path = Simulator.swift; sourceTree = "<group>"; };
		8C65F58A252CA6710039C395 /* HeaterController.swift */ = {isa = PBXFileReference; fileEncoding = 4; lastKnownFileType = sourcecode.swift; path = HeaterController.swift; sourceTree = "<group>"; };
		8C65F58C252CA6710039C395 /* TemperatureDataPoint.swift */ = {isa = PBXFileReference; fileEncoding = 4; lastKnownFileType = sourcecode.swift; path = TemperatureDataPoint.swift; sourceTree = "<group>"; };
		8C65F58D252CA6710039C395 /* PlotView.swift */ = {isa = PBXFileReference; fileEncoding = 4; lastKnownFileType = sourcecode.swift; path = PlotView.swift; sourceTree = "<group>"; };
		8C65F58F252CA6710039C395 /* Environment.swift */ = {isa = PBXFileReference; fileEncoding = 4; lastKnownFileType = sourcecode.swift; path = Environment.swift; sourceTree = "<group>"; };
		8C65F590252CA6710039C395 /* WaterBody.swift */ = {isa = PBXFileReference; fileEncoding = 4; lastKnownFileType = sourcecode.swift; path = WaterBody.swift; sourceTree = "<group>"; };
		8C65F591252CA6710039C395 /* Heater.swift */ = {isa = PBXFileReference; fileEncoding = 4; lastKnownFileType = sourcecode.swift; path = Heater.swift; sourceTree = "<group>"; };
		8C65F592252CA6710039C395 /* Container.swift */ = {isa = PBXFileReference; fileEncoding = 4; lastKnownFileType = sourcecode.swift; path = Container.swift; sourceTree = "<group>"; };
		8C65F59C252CA71B0039C395 /* Info.plist */ = {isa = PBXFileReference; fileEncoding = 4; lastKnownFileType = text.plist.xml; name = Info.plist; path = Misc/Info.plist; sourceTree = "<group>"; };
		8C65F5A0252CA7580039C395 /* AppDelegate.swift */ = {isa = PBXFileReference; fileEncoding = 4; lastKnownFileType = sourcecode.swift; name = AppDelegate.swift; path = Misc/AppDelegate.swift; sourceTree = "<group>"; };
		8C65F5AF252CA9BC0039C395 /* Base */ = {isa = PBXFileReference; lastKnownFileType = file.storyboard; name = Base; path = Misc/Base.lproj/Main.storyboard; sourceTree = "<group>"; };
		8C77EA841D4E164B0066C811 /* CustomTypes.swift */ = {isa = PBXFileReference; fileEncoding = 4; lastKnownFileType = sourcecode.swift; path = CustomTypes.swift; sourceTree = "<group>"; };
/* End PBXFileReference section */

/* Begin PBXFrameworksBuildPhase section */
		840239E61D4749F10078DF0D /* Frameworks */ = {
			isa = PBXFrameworksBuildPhase;
			buildActionMask = 2147483647;
			files = (
			);
			runOnlyForDeploymentPostprocessing = 0;
		};
/* End PBXFrameworksBuildPhase section */

/* Begin PBXGroup section */
		840239E01D4749F10078DF0D = {
			isa = PBXGroup;
			children = (
				840239EB1D4749F10078DF0D /* LavaBox */,
				840239EA1D4749F10078DF0D /* Products */,
			);
			sourceTree = "<group>";
		};
		840239EA1D4749F10078DF0D /* Products */ = {
			isa = PBXGroup;
			children = (
				840239E91D4749F10078DF0D /* LavaBox.app */,
			);
			name = Products;
			sourceTree = "<group>";
		};
		840239EB1D4749F10078DF0D /* LavaBox */ = {
			isa = PBXGroup;
			children = (
				840239EE1D4749F10078DF0D /* ViewController.swift */,
				84023A171D474B350078DF0D /* Simulator.swift */,
				8C77EA841D4E164B0066C811 /* CustomTypes.swift */,
				8C65F589252CA6710039C395 /* Inputs */,
				8C65F58E252CA6710039C395 /* Models */,
				8C65F58B252CA6710039C395 /* Outputs */,
				84023A1B1D474BFE0078DF0D /* Misc */,
			);
			path = LavaBox;
			sourceTree = "<group>";
		};
		84023A1B1D474BFE0078DF0D /* Misc */ = {
			isa = PBXGroup;
			children = (
				8C65F5AE252CA9BC0039C395 /* Main.storyboard */,
				8C65F5A0252CA7580039C395 /* AppDelegate.swift */,
				8C65F59C252CA71B0039C395 /* Info.plist */,
			);
			name = Misc;
			sourceTree = "<group>";
		};
		8C65F589252CA6710039C395 /* Inputs */ = {
			isa = PBXGroup;
			children = (
				8C65F58A252CA6710039C395 /* HeaterController.swift */,
			);
			path = Inputs;
			sourceTree = "<group>";
		};
		8C65F58B252CA6710039C395 /* Outputs */ = {
			isa = PBXGroup;
			children = (
				8C65F58C252CA6710039C395 /* TemperatureDataPoint.swift */,
				8C65F58D252CA6710039C395 /* PlotView.swift */,
			);
			path = Outputs;
			sourceTree = "<group>";
		};
		8C65F58E252CA6710039C395 /* Models */ = {
			isa = PBXGroup;
			children = (
				8C65F58F252CA6710039C395 /* Environment.swift */,
				8C65F590252CA6710039C395 /* WaterBody.swift */,
				8C65F591252CA6710039C395 /* Heater.swift */,
				8C65F592252CA6710039C395 /* Container.swift */,
			);
			path = Models;
			sourceTree = "<group>";
		};
/* End PBXGroup section */

/* Begin PBXNativeTarget section */
		840239E81D4749F10078DF0D /* LavaBox */ = {
			isa = PBXNativeTarget;
			buildConfigurationList = 84023A031D4749F10078DF0D /* Build configuration list for PBXNativeTarget "LavaBox" */;
			buildPhases = (
				840239E51D4749F10078DF0D /* Sources */,
				840239E61D4749F10078DF0D /* Frameworks */,
				840239E71D4749F10078DF0D /* Resources */,
			);
			buildRules = (
			);
			dependencies = (
			);
			name = LavaBox;
			productName = LavaBox;
			productReference = 840239E91D4749F10078DF0D /* LavaBox.app */;
			productType = "com.apple.product-type.application";
		};
/* End PBXNativeTarget section */

/* Begin PBXProject section */
		840239E11D4749F10078DF0D /* Project object */ = {
			isa = PBXProject;
			attributes = {
				LastSwiftUpdateCheck = 0730;
				LastUpgradeCheck = 1200;
				ORGANIZATIONNAME = "David Fearon";
				TargetAttributes = {
					840239E81D4749F10078DF0D = {
						CreatedOnToolsVersion = 7.3.1;
						LastSwiftMigration = 0800;
					};
				};
			};
			buildConfigurationList = 840239E41D4749F10078DF0D /* Build configuration list for PBXProject "LavaBox" */;
			compatibilityVersion = "Xcode 3.2";
			developmentRegion = en;
			hasScannedForEncodings = 0;
			knownRegions = (
				en,
				Base,
			);
			mainGroup = 840239E01D4749F10078DF0D;
			productRefGroup = 840239EA1D4749F10078DF0D /* Products */;
			projectDirPath = "";
			projectRoot = "";
			targets = (
				840239E81D4749F10078DF0D /* LavaBox */,
			);
		};
/* End PBXProject section */

/* Begin PBXResourcesBuildPhase section */
		840239E71D4749F10078DF0D /* Resources */ = {
			isa = PBXResourcesBuildPhase;
			buildActionMask = 2147483647;
			files = (
				8C65F5B0252CA9BC0039C395 /* Main.storyboard in Resources */,
			);
			runOnlyForDeploymentPostprocessing = 0;
		};
/* End PBXResourcesBuildPhase section */

/* Begin PBXSourcesBuildPhase section */
		840239E51D4749F10078DF0D /* Sources */ = {
			isa = PBXSourcesBuildPhase;
			buildActionMask = 2147483647;
			files = (
				8C65F5A1252CA7580039C395 /* AppDelegate.swift in Sources */,
				8C77EA851D4E164B0066C811 /* CustomTypes.swift in Sources */,
				8C65F596252CA6710039C395 /* Environment.swift in Sources */,
				840239EF1D4749F10078DF0D /* ViewController.swift in Sources */,
				8C65F595252CA6710039C395 /* PlotView.swift in Sources */,
				8C65F598252CA6710039C395 /* Heater.swift in Sources */,
				8C65F593252CA6710039C395 /* HeaterController.swift in Sources */,
				8C65F597252CA6710039C395 /* WaterBody.swift in Sources */,
				84023A181D474B350078DF0D /* Simulator.swift in Sources */,
				8C65F599252CA6710039C395 /* Container.swift in Sources */,
				8C65F594252CA6710039C395 /* TemperatureDataPoint.swift in Sources */,
			);
			runOnlyForDeploymentPostprocessing = 0;
		};
/* End PBXSourcesBuildPhase section */

/* Begin PBXVariantGroup section */
		8C65F5AE252CA9BC0039C395 /* Main.storyboard */ = {
			isa = PBXVariantGroup;
			children = (
				8C65F5AF252CA9BC0039C395 /* Base */,
			);
			name = Main.storyboard;
			sourceTree = "<group>";
		};
/* End PBXVariantGroup section */

/* Begin XCBuildConfiguration section */
		84023A011D4749F10078DF0D /* Debug */ = {
			isa = XCBuildConfiguration;
			buildSettings = {
				ALWAYS_SEARCH_USER_PATHS = NO;
				CLANG_ANALYZER_LOCALIZABILITY_NONLOCALIZED = YES;
				CLANG_ANALYZER_NONNULL = YES;
				CLANG_CXX_LANGUAGE_STANDARD = "gnu++0x";
				CLANG_CXX_LIBRARY = "libc++";
				CLANG_ENABLE_MODULES = YES;
				CLANG_ENABLE_OBJC_ARC = YES;
				CLANG_WARN_BLOCK_CAPTURE_AUTORELEASING = YES;
				CLANG_WARN_BOOL_CONVERSION = YES;
				CLANG_WARN_COMMA = YES;
				CLANG_WARN_CONSTANT_CONVERSION = YES;
				CLANG_WARN_DEPRECATED_OBJC_IMPLEMENTATIONS = YES;
				CLANG_WARN_DIRECT_OBJC_ISA_USAGE = YES_ERROR;
				CLANG_WARN_EMPTY_BODY = YES;
				CLANG_WARN_ENUM_CONVERSION = YES;
				CLANG_WARN_INFINITE_RECURSION = YES;
				CLANG_WARN_INT_CONVERSION = YES;
				CLANG_WARN_NON_LITERAL_NULL_CONVERSION = YES;
				CLANG_WARN_OBJC_IMPLICIT_RETAIN_SELF = YES;
				CLANG_WARN_OBJC_LITERAL_CONVERSION = YES;
				CLANG_WARN_OBJC_ROOT_CLASS = YES_ERROR;
				CLANG_WARN_QUOTED_INCLUDE_IN_FRAMEWORK_HEADER = YES;
				CLANG_WARN_RANGE_LOOP_ANALYSIS = YES;
				CLANG_WARN_STRICT_PROTOTYPES = YES;
				CLANG_WARN_SUSPICIOUS_MOVE = YES;
				CLANG_WARN_UNREACHABLE_CODE = YES;
				CLANG_WARN__DUPLICATE_METHOD_MATCH = YES;
				CODE_SIGN_IDENTITY = "-";
				COPY_PHASE_STRIP = NO;
				DEBUG_INFORMATION_FORMAT = dwarf;
				ENABLE_STRICT_OBJC_MSGSEND = YES;
				ENABLE_TESTABILITY = YES;
				GCC_C_LANGUAGE_STANDARD = gnu99;
				GCC_DYNAMIC_NO_PIC = NO;
				GCC_NO_COMMON_BLOCKS = YES;
				GCC_OPTIMIZATION_LEVEL = 0;
				GCC_PREPROCESSOR_DEFINITIONS = (
					"DEBUG=1",
					"$(inherited)",
				);
				GCC_WARN_64_TO_32_BIT_CONVERSION = YES;
				GCC_WARN_ABOUT_RETURN_TYPE = YES_ERROR;
				GCC_WARN_UNDECLARED_SELECTOR = YES;
				GCC_WARN_UNINITIALIZED_AUTOS = YES_AGGRESSIVE;
				GCC_WARN_UNUSED_FUNCTION = YES;
				GCC_WARN_UNUSED_VARIABLE = YES;
				MACOSX_DEPLOYMENT_TARGET = 10.11;
				MTL_ENABLE_DEBUG_INFO = YES;
				ONLY_ACTIVE_ARCH = YES;
				SDKROOT = macosx;
				SWIFT_OPTIMIZATION_LEVEL = "-Onone";
				SWIFT_VERSION = 5.0;
			};
			name = Debug;
		};
		84023A021D4749F10078DF0D /* Release */ = {
			isa = XCBuildConfiguration;
			buildSettings = {
				ALWAYS_SEARCH_USER_PATHS = NO;
				CLANG_ANALYZER_LOCALIZABILITY_NONLOCALIZED = YES;
				CLANG_ANALYZER_NONNULL = YES;
				CLANG_CXX_LANGUAGE_STANDARD = "gnu++0x";
				CLANG_CXX_LIBRARY = "libc++";
				CLANG_ENABLE_MODULES = YES;
				CLANG_ENABLE_OBJC_ARC = YES;
				CLANG_WARN_BLOCK_CAPTURE_AUTORELEASING = YES;
				CLANG_WARN_BOOL_CONVERSION = YES;
				CLANG_WARN_COMMA = YES;
				CLANG_WARN_CONSTANT_CONVERSION = YES;
				CLANG_WARN_DEPRECATED_OBJC_IMPLEMENTATIONS = YES;
				CLANG_WARN_DIRECT_OBJC_ISA_USAGE = YES_ERROR;
				CLANG_WARN_EMPTY_BODY = YES;
				CLANG_WARN_ENUM_CONVERSION = YES;
				CLANG_WARN_INFINITE_RECURSION = YES;
				CLANG_WARN_INT_CONVERSION = YES;
				CLANG_WARN_NON_LITERAL_NULL_CONVERSION = YES;
				CLANG_WARN_OBJC_IMPLICIT_RETAIN_SELF = YES;
				CLANG_WARN_OBJC_LITERAL_CONVERSION = YES;
				CLANG_WARN_OBJC_ROOT_CLASS = YES_ERROR;
				CLANG_WARN_QUOTED_INCLUDE_IN_FRAMEWORK_HEADER = YES;
				CLANG_WARN_RANGE_LOOP_ANALYSIS = YES;
				CLANG_WARN_STRICT_PROTOTYPES = YES;
				CLANG_WARN_SUSPICIOUS_MOVE = YES;
				CLANG_WARN_UNREACHABLE_CODE = YES;
				CLANG_WARN__DUPLICATE_METHOD_MATCH = YES;
				CODE_SIGN_IDENTITY = "-";
				COPY_PHASE_STRIP = NO;
				DEBUG_INFORMATION_FORMAT = "dwarf-with-dsym";
				ENABLE_NS_ASSERTIONS = NO;
				ENABLE_STRICT_OBJC_MSGSEND = YES;
				GCC_C_LANGUAGE_STANDARD = gnu99;
				GCC_NO_COMMON_BLOCKS = YES;
				GCC_WARN_64_TO_32_BIT_CONVERSION = YES;
				GCC_WARN_ABOUT_RETURN_TYPE = YES_ERROR;
				GCC_WARN_UNDECLARED_SELECTOR = YES;
				GCC_WARN_UNINITIALIZED_AUTOS = YES_AGGRESSIVE;
				GCC_WARN_UNUSED_FUNCTION = YES;
				GCC_WARN_UNUSED_VARIABLE = YES;
				MACOSX_DEPLOYMENT_TARGET = 10.11;
				MTL_ENABLE_DEBUG_INFO = NO;
				SDKROOT = macosx;
				SWIFT_VERSION = 5.0;
			};
			name = Release;
		};
		84023A041D4749F10078DF0D /* Debug */ = {
			isa = XCBuildConfiguration;
			buildSettings = {
				ASSETCATALOG_COMPILER_APPICON_NAME = AppIcon;
				CODE_SIGN_IDENTITY = "-";
				COMBINE_HIDPI_IMAGES = YES;
				INFOPLIST_FILE = LavaBox/Misc/Info.plist;
				LD_RUNPATH_SEARCH_PATHS = "$(inherited) @executable_path/../Frameworks";
				PRODUCT_BUNDLE_IDENTIFIER = com.davidfearon.LavaBox;
				PRODUCT_NAME = "$(TARGET_NAME)";
				SWIFT_VERSION = 5.0;
			};
			name = Debug;
		};
		84023A051D4749F10078DF0D /* Release */ = {
			isa = XCBuildConfiguration;
			buildSettings = {
				ASSETCATALOG_COMPILER_APPICON_NAME = AppIcon;
				CODE_SIGN_IDENTITY = "-";
				COMBINE_HIDPI_IMAGES = YES;
				INFOPLIST_FILE = LavaBox/Misc/Info.plist;
				LD_RUNPATH_SEARCH_PATHS = "$(inherited) @executable_path/../Frameworks";
				PRODUCT_BUNDLE_IDENTIFIER = com.davidfearon.LavaBox;
				PRODUCT_NAME = "$(TARGET_NAME)";
				SWIFT_OPTIMIZATION_LEVEL = "-Owholemodule";
				SWIFT_VERSION = 5.0;
			};
			name = Release;
		};
/* End XCBuildConfiguration section */

/* Begin XCConfigurationList section */
		840239E41D4749F10078DF0D /* Build configuration list for PBXProject "LavaBox" */ = {
			isa = XCConfigurationList;
			buildConfigurations = (
				84023A011D4749F10078DF0D /* Debug */,
				84023A021D4749F10078DF0D /* Release */,
			);
			defaultConfigurationIsVisible = 0;
			defaultConfigurationName = Release;
		};
		84023A031D4749F10078DF0D /* Build configuration list for PBXNativeTarget "LavaBox" */ = {
			isa = XCConfigurationList;
			buildConfigurations = (
				84023A041D4749F10078DF0D /* Debug */,
				84023A051D4749F10078DF0D /* Release */,
			);
			defaultConfigurationIsVisible = 0;
			defaultConfigurationName = Release;
		};
/* End XCConfigurationList section */
	};
	rootObject = 840239E11D4749F10078DF0D /* Project object */;
}
